
Microsoft Visual Studio Solution File, Format Version 12.00
# Visual Studio Version 16
VisualStudioVersion = 16.0.29001.49
MinimumVisualStudioVersion = 10.0.40219.1
Project("{FAE04EC0-301F-11D3-BF4B-00C04F79EFBC}") = "InterfasDinamita", "InterfasDinamita\InterfasDinamita.csproj", "{B522462A-3C70-4530-ACBC-9FC858C67DDC}"
EndProject
Global
	GlobalSection(SolutionConfigurationPlatforms) = preSolution
		Debug|Any CPU = Debug|Any CPU
		Release|Any CPU = Release|Any CPU
	EndGlobalSection
	GlobalSection(ProjectConfigurationPlatforms) = postSolution
		{B522462A-3C70-4530-ACBC-9FC858C67DDC}.Debug|Any CPU.ActiveCfg = Debug|Any CPU
		{B522462A-3C70-4530-ACBC-9FC858C67DDC}.Debug|Any CPU.Build.0 = Debug|Any CPU
		{B522462A-3C70-4530-ACBC-9FC858C67DDC}.Release|Any CPU.ActiveCfg = Release|Any CPU
		{B522462A-3C70-4530-ACBC-9FC858C67DDC}.Release|Any CPU.Build.0 = Release|Any CPU
	EndGlobalSection
	GlobalSection(SolutionProperties) = preSolution
		HideSolutionNode = FALSE
	EndGlobalSection
	GlobalSection(ExtensibilityGlobals) = postSolution
		SolutionGuid = {A4B1727C-698B-404C-BB46-3A6B27BA9CBB}
	EndGlobalSection
EndGlobal
